
Microsoft Visual Studio Solution File, Format Version 12.00
# Visual Studio Version 17
VisualStudioVersion = 17.3.32922.545
MinimumVisualStudioVersion = 10.0.40219.1
Project("{FAE04EC0-301F-11D3-BF4B-00C04F79EFBC}") = "WebPageFormatting", "WebPageFormatting.csproj", "{CB5C3A81-4B03-4E14-9D0E-624D0918DD50}"
EndProject
Global
	GlobalSection(SolutionConfigurationPlatforms) = preSolution
		Debug|Any CPU = Debug|Any CPU
		Release|Any CPU = Release|Any CPU
	EndGlobalSection
	GlobalSection(ProjectConfigurationPlatforms) = postSolution
		{CB5C3A81-4B03-4E14-9D0E-624D0918DD50}.Debug|Any CPU.ActiveCfg = Debug|Any CPU
		{CB5C3A81-4B03-4E14-9D0E-624D0918DD50}.Debug|Any CPU.Build.0 = Debug|Any CPU
		{CB5C3A81-4B03-4E14-9D0E-624D0918DD50}.Release|Any CPU.ActiveCfg = Release|Any CPU
		{CB5C3A81-4B03-4E14-9D0E-624D0918DD50}.Release|Any CPU.Build.0 = Release|Any CPU
	EndGlobalSection
	GlobalSection(SolutionProperties) = preSolution
		HideSolutionNode = FALSE
	EndGlobalSection
	GlobalSection(ExtensibilityGlobals) = postSolution
		SolutionGuid = {00992220-B1D2-4D7D-A061-F492885D313F}
	EndGlobalSection
EndGlobal
